
Microsoft Visual Studio Solution File, Format Version 12.00
# Visual Studio Version 17
VisualStudioVersion = 17.5.002.0
MinimumVisualStudioVersion = 10.0.40219.1
Project("{9A19103F-16F7-4668-BE54-9A1E7A4F7556}") = "WebAppChat", "WebAppChat.csproj", "{5BB136E9-EC53-4C3E-A53D-CC86E112549C}"
EndProject
Global
	GlobalSection(SolutionConfigurationPlatforms) = preSolution
		Debug|Any CPU = Debug|Any CPU
		Release|Any CPU = Release|Any CPU
	EndGlobalSection
	GlobalSection(ProjectConfigurationPlatforms) = postSolution
		{5BB136E9-EC53-4C3E-A53D-CC86E112549C}.Debug|Any CPU.ActiveCfg = Debug|Any CPU
		{5BB136E9-EC53-4C3E-A53D-CC86E112549C}.Debug|Any CPU.Build.0 = Debug|Any CPU
		{5BB136E9-EC53-4C3E-A53D-CC86E112549C}.Release|Any CPU.ActiveCfg = Release|Any CPU
		{5BB136E9-EC53-4C3E-A53D-CC86E112549C}.Release|Any CPU.Build.0 = Release|Any CPU
	EndGlobalSection
	GlobalSection(SolutionProperties) = preSolution
		HideSolutionNode = FALSE
	EndGlobalSection
	GlobalSection(ExtensibilityGlobals) = postSolution
		SolutionGuid = {FC1F2B7D-2F56-4BFD-A516-9A3DFAF6826B}
	EndGlobalSection
EndGlobal
