
Microsoft Visual Studio Solution File, Format Version 12.00
Project("{2150E333-8FDC-42A3-9474-1A3956D46DE8}") = "Module_2", "Module_2", "{7E097AD7-38CC-4354-9930-76F97AA23FC6}"
EndProject
Project("{2150E333-8FDC-42A3-9474-1A3956D46DE8}") = "Module_3", "Module_3", "{799FEAE9-1108-4C5D-A8EC-568F7AA98837}"
EndProject
Project("{2150E333-8FDC-42A3-9474-1A3956D46DE8}") = "Module_1", "Module_1", "{C5B76257-C0EC-466C-98F0-9A1AB6B307A8}"
EndProject
Project("{FAE04EC0-301F-11D3-BF4B-00C04F79EFBC}") = "ConsoleApp", "Module_2\ConsoleApp\ConsoleApp.csproj", "{E9F5026B-74A8-4186-A5D0-203ADDC2075A}"
EndProject
Project("{FAE04EC0-301F-11D3-BF4B-00C04F79EFBC}") = "Crawler", "Module_2\Crawler\Crawler.csproj", "{5806E19C-9E7F-4341-998E-20D6E703FFF2}"
EndProject
Project("{FAE04EC0-301F-11D3-BF4B-00C04F79EFBC}") = "DependencyInjection", "Module_2\DependencyInjection\DependencyInjection.csproj", "{22B10D86-6805-4270-BC07-D4FE68B3E927}"
EndProject
Project("{FAE04EC0-301F-11D3-BF4B-00C04F79EFBC}") = "Euro", "Module_2\Euro\Euro.csproj", "{EC872D6B-E02F-4B82-8845-2E78344BF635}"
EndProject
Project("{FAE04EC0-301F-11D3-BF4B-00C04F79EFBC}") = "Extension", "Module_2\Extension\Extension.csproj", "{33471ECE-9BF1-40BE-9A44-9B3163C630ED}"
EndProject
Project("{FAE04EC0-301F-11D3-BF4B-00C04F79EFBC}") = "TaiLieuSachGiaoKhoa", "Module_2\TaiLieuSachGiaoKhoa\TaiLieuSachGiaoKhoa.csproj", "{67149EE8-E981-48CD-AFB1-1CAEAFF0F19D}"
EndProject
Project("{FAE04EC0-301F-11D3-BF4B-00C04F79EFBC}") = "WebAppVNPayment", "Module_2\WebAppVNPayment\WebAppVNPayment.csproj", "{246219BD-D13D-4BB0-A6AD-1A9BDC459225}"
EndProject
Project("{FAE04EC0-301F-11D3-BF4B-00C04F79EFBC}") = "ConsoleApp", "Module_1\ConsoleApp.csproj", "{B36102B7-6EC3-40DC-9900-7DBAF6BE9AFA}"
EndProject
Project("{FAE04EC0-301F-11D3-BF4B-00C04F79EFBC}") = "WebAppStore", "Module_3\WebAppStore\WebAppStore.csproj", "{8DD87BA0-6BAF-4070-A6B1-3F270AA46620}"
EndProject
Project("{2150E333-8FDC-42A3-9474-1A3956D46DE8}") = "Module_4", "Module_4", "{CC8E4E24-98A8-458D-A088-7576CCC10A16}"
EndProject
Project("{2150E333-8FDC-42A3-9474-1A3956D46DE8}") = "Module_5", "Module_5", "{4199C829-856E-4451-B4DE-5F9897BB938B}"
EndProject
Project("{FAE04EC0-301F-11D3-BF4B-00C04F79EFBC}") = "TaiLieuSachGiaoKhoa", "Module_3\TaiLieuSachGiaoKhoa\TaiLieuSachGiaoKhoa.csproj", "{AB010300-F7F0-43F5-A1BE-1CA6443B9C8C}"
EndProject
Project("{FAE04EC0-301F-11D3-BF4B-00C04F79EFBC}") = "WebAppAuthentication", "Module_3\WebAppAuthentication\WebAppAuthentication.csproj", "{8B06F2E2-9357-495E-BB5D-9EB5FBDFEB72}"
EndProject
Global
	GlobalSection(SolutionConfigurationPlatforms) = preSolution
		Debug|Any CPU = Debug|Any CPU
		Release|Any CPU = Release|Any CPU
	EndGlobalSection
	GlobalSection(ProjectConfigurationPlatforms) = postSolution
		{E9F5026B-74A8-4186-A5D0-203ADDC2075A}.Debug|Any CPU.ActiveCfg = Debug|Any CPU
		{E9F5026B-74A8-4186-A5D0-203ADDC2075A}.Debug|Any CPU.Build.0 = Debug|Any CPU
		{E9F5026B-74A8-4186-A5D0-203ADDC2075A}.Release|Any CPU.ActiveCfg = Release|Any CPU
		{E9F5026B-74A8-4186-A5D0-203ADDC2075A}.Release|Any CPU.Build.0 = Release|Any CPU
		{5806E19C-9E7F-4341-998E-20D6E703FFF2}.Debug|Any CPU.ActiveCfg = Debug|Any CPU
		{5806E19C-9E7F-4341-998E-20D6E703FFF2}.Debug|Any CPU.Build.0 = Debug|Any CPU
		{5806E19C-9E7F-4341-998E-20D6E703FFF2}.Release|Any CPU.ActiveCfg = Release|Any CPU
		{5806E19C-9E7F-4341-998E-20D6E703FFF2}.Release|Any CPU.Build.0 = Release|Any CPU
		{22B10D86-6805-4270-BC07-D4FE68B3E927}.Debug|Any CPU.ActiveCfg = Debug|Any CPU
		{22B10D86-6805-4270-BC07-D4FE68B3E927}.Debug|Any CPU.Build.0 = Debug|Any CPU
		{22B10D86-6805-4270-BC07-D4FE68B3E927}.Release|Any CPU.ActiveCfg = Release|Any CPU
		{22B10D86-6805-4270-BC07-D4FE68B3E927}.Release|Any CPU.Build.0 = Release|Any CPU
		{EC872D6B-E02F-4B82-8845-2E78344BF635}.Debug|Any CPU.ActiveCfg = Debug|Any CPU
		{EC872D6B-E02F-4B82-8845-2E78344BF635}.Debug|Any CPU.Build.0 = Debug|Any CPU
		{EC872D6B-E02F-4B82-8845-2E78344BF635}.Release|Any CPU.ActiveCfg = Release|Any CPU
		{EC872D6B-E02F-4B82-8845-2E78344BF635}.Release|Any CPU.Build.0 = Release|Any CPU
		{33471ECE-9BF1-40BE-9A44-9B3163C630ED}.Debug|Any CPU.ActiveCfg = Debug|Any CPU
		{33471ECE-9BF1-40BE-9A44-9B3163C630ED}.Debug|Any CPU.Build.0 = Debug|Any CPU
		{33471ECE-9BF1-40BE-9A44-9B3163C630ED}.Release|Any CPU.ActiveCfg = Release|Any CPU
		{33471ECE-9BF1-40BE-9A44-9B3163C630ED}.Release|Any CPU.Build.0 = Release|Any CPU
		{67149EE8-E981-48CD-AFB1-1CAEAFF0F19D}.Debug|Any CPU.ActiveCfg = Debug|Any CPU
		{67149EE8-E981-48CD-AFB1-1CAEAFF0F19D}.Debug|Any CPU.Build.0 = Debug|Any CPU
		{67149EE8-E981-48CD-AFB1-1CAEAFF0F19D}.Release|Any CPU.ActiveCfg = Release|Any CPU
		{67149EE8-E981-48CD-AFB1-1CAEAFF0F19D}.Release|Any CPU.Build.0 = Release|Any CPU
		{246219BD-D13D-4BB0-A6AD-1A9BDC459225}.Debug|Any CPU.ActiveCfg = Debug|Any CPU
		{246219BD-D13D-4BB0-A6AD-1A9BDC459225}.Debug|Any CPU.Build.0 = Debug|Any CPU
		{246219BD-D13D-4BB0-A6AD-1A9BDC459225}.Release|Any CPU.ActiveCfg = Release|Any CPU
		{246219BD-D13D-4BB0-A6AD-1A9BDC459225}.Release|Any CPU.Build.0 = Release|Any CPU
		{B36102B7-6EC3-40DC-9900-7DBAF6BE9AFA}.Debug|Any CPU.ActiveCfg = Debug|Any CPU
		{B36102B7-6EC3-40DC-9900-7DBAF6BE9AFA}.Debug|Any CPU.Build.0 = Debug|Any CPU
		{B36102B7-6EC3-40DC-9900-7DBAF6BE9AFA}.Release|Any CPU.ActiveCfg = Release|Any CPU
		{B36102B7-6EC3-40DC-9900-7DBAF6BE9AFA}.Release|Any CPU.Build.0 = Release|Any CPU
		{8DD87BA0-6BAF-4070-A6B1-3F270AA46620}.Debug|Any CPU.ActiveCfg = Debug|Any CPU
		{8DD87BA0-6BAF-4070-A6B1-3F270AA46620}.Debug|Any CPU.Build.0 = Debug|Any CPU
		{8DD87BA0-6BAF-4070-A6B1-3F270AA46620}.Release|Any CPU.ActiveCfg = Release|Any CPU
		{8DD87BA0-6BAF-4070-A6B1-3F270AA46620}.Release|Any CPU.Build.0 = Release|Any CPU
		{AB010300-F7F0-43F5-A1BE-1CA6443B9C8C}.Debug|Any CPU.ActiveCfg = Debug|Any CPU
		{AB010300-F7F0-43F5-A1BE-1CA6443B9C8C}.Debug|Any CPU.Build.0 = Debug|Any CPU
		{AB010300-F7F0-43F5-A1BE-1CA6443B9C8C}.Release|Any CPU.ActiveCfg = Release|Any CPU
		{AB010300-F7F0-43F5-A1BE-1CA6443B9C8C}.Release|Any CPU.Build.0 = Release|Any CPU
		{8B06F2E2-9357-495E-BB5D-9EB5FBDFEB72}.Debug|Any CPU.ActiveCfg = Debug|Any CPU
		{8B06F2E2-9357-495E-BB5D-9EB5FBDFEB72}.Debug|Any CPU.Build.0 = Debug|Any CPU
		{8B06F2E2-9357-495E-BB5D-9EB5FBDFEB72}.Release|Any CPU.ActiveCfg = Release|Any CPU
		{8B06F2E2-9357-495E-BB5D-9EB5FBDFEB72}.Release|Any CPU.Build.0 = Release|Any CPU
	EndGlobalSection
	GlobalSection(NestedProjects) = preSolution
		{E9F5026B-74A8-4186-A5D0-203ADDC2075A} = {7E097AD7-38CC-4354-9930-76F97AA23FC6}
		{5806E19C-9E7F-4341-998E-20D6E703FFF2} = {7E097AD7-38CC-4354-9930-76F97AA23FC6}
		{22B10D86-6805-4270-BC07-D4FE68B3E927} = {7E097AD7-38CC-4354-9930-76F97AA23FC6}
		{EC872D6B-E02F-4B82-8845-2E78344BF635} = {7E097AD7-38CC-4354-9930-76F97AA23FC6}
		{33471ECE-9BF1-40BE-9A44-9B3163C630ED} = {7E097AD7-38CC-4354-9930-76F97AA23FC6}
		{67149EE8-E981-48CD-AFB1-1CAEAFF0F19D} = {7E097AD7-38CC-4354-9930-76F97AA23FC6}
		{246219BD-D13D-4BB0-A6AD-1A9BDC459225} = {7E097AD7-38CC-4354-9930-76F97AA23FC6}
		{B36102B7-6EC3-40DC-9900-7DBAF6BE9AFA} = {C5B76257-C0EC-466C-98F0-9A1AB6B307A8}
		{8DD87BA0-6BAF-4070-A6B1-3F270AA46620} = {799FEAE9-1108-4C5D-A8EC-568F7AA98837}
		{AB010300-F7F0-43F5-A1BE-1CA6443B9C8C} = {799FEAE9-1108-4C5D-A8EC-568F7AA98837}
		{8B06F2E2-9357-495E-BB5D-9EB5FBDFEB72} = {799FEAE9-1108-4C5D-A8EC-568F7AA98837}
	EndGlobalSection
EndGlobal
