
Microsoft Visual Studio Solution File, Format Version 12.00
Project("{2150E333-8FDC-42A3-9474-1A3956D46DE8}") = "Module_2", "Module_2", "{7E097AD7-38CC-4354-9930-76F97AA23FC6}"
EndProject
Project("{2150E333-8FDC-42A3-9474-1A3956D46DE8}") = "Module_3", "Module_3", "{799FEAE9-1108-4C5D-A8EC-568F7AA98837}"
EndProject
Project("{2150E333-8FDC-42A3-9474-1A3956D46DE8}") = "Module_1", "Module_1", "{C5B76257-C0EC-466C-98F0-9A1AB6B307A8}"
EndProject
Project("{FAE04EC0-301F-11D3-BF4B-00C04F79EFBC}") = "ConsoleApp", "Module_2\ConsoleApp\ConsoleApp.csproj", "{E9F5026B-74A8-4186-A5D0-203ADDC2075A}"
EndProject
Project("{FAE04EC0-301F-11D3-BF4B-00C04F79EFBC}") = "Crawler", "Module_2\Crawler\Crawler.csproj", "{5806E19C-9E7F-4341-998E-20D6E703FFF2}"
EndProject
Project("{FAE04EC0-301F-11D3-BF4B-00C04F79EFBC}") = "DependencyInjection", "Module_2\DependencyInjection\DependencyInjection.csproj", "{22B10D86-6805-4270-BC07-D4FE68B3E927}"
EndProject
Project("{FAE04EC0-301F-11D3-BF4B-00C04F79EFBC}") = "Euro", "Module_2\Euro\Euro.csproj", "{EC872D6B-E02F-4B82-8845-2E78344BF635}"
EndProject
Project("{FAE04EC0-301F-11D3-BF4B-00C04F79EFBC}") = "Extension", "Module_2\Extension\Extension.csproj", "{33471ECE-9BF1-40BE-9A44-9B3163C630ED}"
EndProject
Project("{FAE04EC0-301F-11D3-BF4B-00C04F79EFBC}") = "TaiLieuSachGiaoKhoa", "Module_2\TaiLieuSachGiaoKhoa\TaiLieuSachGiaoKhoa.csproj", "{67149EE8-E981-48CD-AFB1-1CAEAFF0F19D}"
EndProject
Project("{FAE04EC0-301F-11D3-BF4B-00C04F79EFBC}") = "WebAppVNPayment", "Module_2\WebAppVNPayment\WebAppVNPayment.csproj", "{246219BD-D13D-4BB0-A6AD-1A9BDC459225}"
EndProject
Project("{FAE04EC0-301F-11D3-BF4B-00C04F79EFBC}") = "ConsoleApp", "Module_1\ConsoleApp.csproj", "{B36102B7-6EC3-40DC-9900-7DBAF6BE9AFA}"
EndProject
Project("{FAE04EC0-301F-11D3-BF4B-00C04F79EFBC}") = "WebAppStore", "Module_3\WebAppStore\WebAppStore.csproj", "{8DD87BA0-6BAF-4070-A6B1-3F270AA46620}"
EndProject
Project("{2150E333-8FDC-42A3-9474-1A3956D46DE8}") = "Module_4", "Module_4", "{CC8E4E24-98A8-458D-A088-7576CCC10A16}"
EndProject
Project("{2150E333-8FDC-42A3-9474-1A3956D46DE8}") = "Module_5", "Module_5", "{4199C829-856E-4451-B4DE-5F9897BB938B}"
EndProject
Project("{FAE04EC0-301F-11D3-BF4B-00C04F79EFBC}") = "TaiLieuSachGiaoKhoa", "Module_3\TaiLieuSachGiaoKhoa\TaiLieuSachGiaoKhoa.csproj", "{AB010300-F7F0-43F5-A1BE-1CA6443B9C8C}"
EndProject
Project("{FAE04EC0-301F-11D3-BF4B-00C04F79EFBC}") = "WebAppAuthentication", "Module_3\WebAppAuthentication\WebAppAuthentication.csproj", "{8B06F2E2-9357-495E-BB5D-9EB5FBDFEB72}"
EndProject
Project("{FAE04EC0-301F-11D3-BF4B-00C04F79EFBC}") = "WebAppFruitables", "Module_3\WebAppFruitables\WebAppFruitables\WebAppFruitables.csproj", "{A1EB6D35-8A32-4AA4-A969-BE270A61B251}"
EndProject
Project("{FAE04EC0-301F-11D3-BF4B-00C04F79EFBC}") = "WebKoi", "Module_3\WebKoi\WebKoi.csproj", "{3F3CF1C4-72F8-44B4-8BDB-CDAB116F2CBD}"
EndProject
Project("{FAE04EC0-301F-11D3-BF4B-00C04F79EFBC}") = "WebApp", "Module_4\WebApp\WebApp.csproj", "{2635F9B2-A964-46C7-8E5A-030A9F5DA869}"
EndProject
Project("{FAE04EC0-301F-11D3-BF4B-00C04F79EFBC}") = "WebAppChat", "Module_4\WebAppChat\WebAppChat.csproj", "{5DE2B2E6-4CF3-4E9F-BF5E-66CDE1515F05}"
EndProject
Project("{FAE04EC0-301F-11D3-BF4B-00C04F79EFBC}") = "WebAppClassLib", "Module_4\WebAppClassLib\WebAppClassLib.csproj", "{9E9C21A3-0066-4168-B916-5DA8FAE2F06B}"
EndProject
Project("{FAE04EC0-301F-11D3-BF4B-00C04F79EFBC}") = "AppTest", "Module_4\AppTest\AppTest.csproj", "{21AE1F6B-CA05-40C8-ADDA-AD9E1949AFF9}"
EndProject
Project("{FAE04EC0-301F-11D3-BF4B-00C04F79EFBC}") = "DAL", "Module_4\DAL\DAL.csproj", "{7FC289C8-21AA-42B8-AA27-3C0449C203EE}"
EndProject
Project("{FAE04EC0-301F-11D3-BF4B-00C04F79EFBC}") = "TestProject1", "Module_4\TestProject1\TestProject1.csproj", "{C780F497-A4E4-413E-AC35-766E5FC154F7}"
EndProject
Project("{FAE04EC0-301F-11D3-BF4B-00C04F79EFBC}") = "WebApi", "Module_4\WebApi\WebApi.csproj", "{37511332-A2DF-4A13-BAF7-2EF372A4E919}"
EndProject
Project("{FAE04EC0-301F-11D3-BF4B-00C04F79EFBC}") = "AppCrawler", "Module_4\AppCrawler\AppCrawler.csproj", "{5A69C361-AE76-439E-8A9F-B5BDC0CBF9B3}"
EndProject
Project("{FAE04EC0-301F-11D3-BF4B-00C04F79EFBC}") = "ConsoleApp", "Module_5\ConsoleApp\ConsoleApp.csproj", "{A35E45CD-4735-485E-82BD-84CF2797EFE1}"
EndProject
Project("{FAE04EC0-301F-11D3-BF4B-00C04F79EFBC}") = "WebApplication1", "Module_5\WebApplication1\WebApplication1.csproj", "{84BFF0D7-2D63-4EDC-9BF7-78661C837C6F}"
EndProject
Project("{FAE04EC0-301F-11D3-BF4B-00C04F79EFBC}") = "WebAppFruitable", "WebAppFruitable\WebAppFruitable.csproj", "{13DCD065-5465-4F3D-A6D1-1E3FBEBAB4EE}"
EndProject
Global
	GlobalSection(SolutionConfigurationPlatforms) = preSolution
		Debug|Any CPU = Debug|Any CPU
		Release|Any CPU = Release|Any CPU
	EndGlobalSection
	GlobalSection(ProjectConfigurationPlatforms) = postSolution
		{E9F5026B-74A8-4186-A5D0-203ADDC2075A}.Debug|Any CPU.ActiveCfg = Debug|Any CPU
		{E9F5026B-74A8-4186-A5D0-203ADDC2075A}.Debug|Any CPU.Build.0 = Debug|Any CPU
		{E9F5026B-74A8-4186-A5D0-203ADDC2075A}.Release|Any CPU.ActiveCfg = Release|Any CPU
		{E9F5026B-74A8-4186-A5D0-203ADDC2075A}.Release|Any CPU.Build.0 = Release|Any CPU
		{5806E19C-9E7F-4341-998E-20D6E703FFF2}.Debug|Any CPU.ActiveCfg = Debug|Any CPU
		{5806E19C-9E7F-4341-998E-20D6E703FFF2}.Debug|Any CPU.Build.0 = Debug|Any CPU
		{5806E19C-9E7F-4341-998E-20D6E703FFF2}.Release|Any CPU.ActiveCfg = Release|Any CPU
		{5806E19C-9E7F-4341-998E-20D6E703FFF2}.Release|Any CPU.Build.0 = Release|Any CPU
		{22B10D86-6805-4270-BC07-D4FE68B3E927}.Debug|Any CPU.ActiveCfg = Debug|Any CPU
		{22B10D86-6805-4270-BC07-D4FE68B3E927}.Debug|Any CPU.Build.0 = Debug|Any CPU
		{22B10D86-6805-4270-BC07-D4FE68B3E927}.Release|Any CPU.ActiveCfg = Release|Any CPU
		{22B10D86-6805-4270-BC07-D4FE68B3E927}.Release|Any CPU.Build.0 = Release|Any CPU
		{EC872D6B-E02F-4B82-8845-2E78344BF635}.Debug|Any CPU.ActiveCfg = Debug|Any CPU
		{EC872D6B-E02F-4B82-8845-2E78344BF635}.Debug|Any CPU.Build.0 = Debug|Any CPU
		{EC872D6B-E02F-4B82-8845-2E78344BF635}.Release|Any CPU.ActiveCfg = Release|Any CPU
		{EC872D6B-E02F-4B82-8845-2E78344BF635}.Release|Any CPU.Build.0 = Release|Any CPU
		{33471ECE-9BF1-40BE-9A44-9B3163C630ED}.Debug|Any CPU.ActiveCfg = Debug|Any CPU
		{33471ECE-9BF1-40BE-9A44-9B3163C630ED}.Debug|Any CPU.Build.0 = Debug|Any CPU
		{33471ECE-9BF1-40BE-9A44-9B3163C630ED}.Release|Any CPU.ActiveCfg = Release|Any CPU
		{33471ECE-9BF1-40BE-9A44-9B3163C630ED}.Release|Any CPU.Build.0 = Release|Any CPU
		{67149EE8-E981-48CD-AFB1-1CAEAFF0F19D}.Debug|Any CPU.ActiveCfg = Debug|Any CPU
		{67149EE8-E981-48CD-AFB1-1CAEAFF0F19D}.Debug|Any CPU.Build.0 = Debug|Any CPU
		{67149EE8-E981-48CD-AFB1-1CAEAFF0F19D}.Release|Any CPU.ActiveCfg = Release|Any CPU
		{67149EE8-E981-48CD-AFB1-1CAEAFF0F19D}.Release|Any CPU.Build.0 = Release|Any CPU
		{246219BD-D13D-4BB0-A6AD-1A9BDC459225}.Debug|Any CPU.ActiveCfg = Debug|Any CPU
		{246219BD-D13D-4BB0-A6AD-1A9BDC459225}.Debug|Any CPU.Build.0 = Debug|Any CPU
		{246219BD-D13D-4BB0-A6AD-1A9BDC459225}.Release|Any CPU.ActiveCfg = Release|Any CPU
		{246219BD-D13D-4BB0-A6AD-1A9BDC459225}.Release|Any CPU.Build.0 = Release|Any CPU
		{B36102B7-6EC3-40DC-9900-7DBAF6BE9AFA}.Debug|Any CPU.ActiveCfg = Debug|Any CPU
		{B36102B7-6EC3-40DC-9900-7DBAF6BE9AFA}.Debug|Any CPU.Build.0 = Debug|Any CPU
		{B36102B7-6EC3-40DC-9900-7DBAF6BE9AFA}.Release|Any CPU.ActiveCfg = Release|Any CPU
		{B36102B7-6EC3-40DC-9900-7DBAF6BE9AFA}.Release|Any CPU.Build.0 = Release|Any CPU
		{8DD87BA0-6BAF-4070-A6B1-3F270AA46620}.Debug|Any CPU.ActiveCfg = Debug|Any CPU
		{8DD87BA0-6BAF-4070-A6B1-3F270AA46620}.Debug|Any CPU.Build.0 = Debug|Any CPU
		{8DD87BA0-6BAF-4070-A6B1-3F270AA46620}.Release|Any CPU.ActiveCfg = Release|Any CPU
		{8DD87BA0-6BAF-4070-A6B1-3F270AA46620}.Release|Any CPU.Build.0 = Release|Any CPU
		{AB010300-F7F0-43F5-A1BE-1CA6443B9C8C}.Debug|Any CPU.ActiveCfg = Debug|Any CPU
		{AB010300-F7F0-43F5-A1BE-1CA6443B9C8C}.Debug|Any CPU.Build.0 = Debug|Any CPU
		{AB010300-F7F0-43F5-A1BE-1CA6443B9C8C}.Release|Any CPU.ActiveCfg = Release|Any CPU
		{AB010300-F7F0-43F5-A1BE-1CA6443B9C8C}.Release|Any CPU.Build.0 = Release|Any CPU
		{8B06F2E2-9357-495E-BB5D-9EB5FBDFEB72}.Debug|Any CPU.ActiveCfg = Debug|Any CPU
		{8B06F2E2-9357-495E-BB5D-9EB5FBDFEB72}.Debug|Any CPU.Build.0 = Debug|Any CPU
		{8B06F2E2-9357-495E-BB5D-9EB5FBDFEB72}.Release|Any CPU.ActiveCfg = Release|Any CPU
		{8B06F2E2-9357-495E-BB5D-9EB5FBDFEB72}.Release|Any CPU.Build.0 = Release|Any CPU
		{A1EB6D35-8A32-4AA4-A969-BE270A61B251}.Debug|Any CPU.ActiveCfg = Debug|Any CPU
		{A1EB6D35-8A32-4AA4-A969-BE270A61B251}.Debug|Any CPU.Build.0 = Debug|Any CPU
		{A1EB6D35-8A32-4AA4-A969-BE270A61B251}.Release|Any CPU.ActiveCfg = Release|Any CPU
		{A1EB6D35-8A32-4AA4-A969-BE270A61B251}.Release|Any CPU.Build.0 = Release|Any CPU
		{3F3CF1C4-72F8-44B4-8BDB-CDAB116F2CBD}.Debug|Any CPU.ActiveCfg = Debug|Any CPU
		{3F3CF1C4-72F8-44B4-8BDB-CDAB116F2CBD}.Debug|Any CPU.Build.0 = Debug|Any CPU
		{3F3CF1C4-72F8-44B4-8BDB-CDAB116F2CBD}.Release|Any CPU.ActiveCfg = Release|Any CPU
		{3F3CF1C4-72F8-44B4-8BDB-CDAB116F2CBD}.Release|Any CPU.Build.0 = Release|Any CPU
		{2635F9B2-A964-46C7-8E5A-030A9F5DA869}.Debug|Any CPU.ActiveCfg = Debug|Any CPU
		{2635F9B2-A964-46C7-8E5A-030A9F5DA869}.Debug|Any CPU.Build.0 = Debug|Any CPU
		{2635F9B2-A964-46C7-8E5A-030A9F5DA869}.Release|Any CPU.ActiveCfg = Release|Any CPU
		{2635F9B2-A964-46C7-8E5A-030A9F5DA869}.Release|Any CPU.Build.0 = Release|Any CPU
		{5DE2B2E6-4CF3-4E9F-BF5E-66CDE1515F05}.Debug|Any CPU.ActiveCfg = Debug|Any CPU
		{5DE2B2E6-4CF3-4E9F-BF5E-66CDE1515F05}.Debug|Any CPU.Build.0 = Debug|Any CPU
		{5DE2B2E6-4CF3-4E9F-BF5E-66CDE1515F05}.Release|Any CPU.ActiveCfg = Release|Any CPU
		{5DE2B2E6-4CF3-4E9F-BF5E-66CDE1515F05}.Release|Any CPU.Build.0 = Release|Any CPU
		{9E9C21A3-0066-4168-B916-5DA8FAE2F06B}.Debug|Any CPU.ActiveCfg = Debug|Any CPU
		{9E9C21A3-0066-4168-B916-5DA8FAE2F06B}.Debug|Any CPU.Build.0 = Debug|Any CPU
		{9E9C21A3-0066-4168-B916-5DA8FAE2F06B}.Release|Any CPU.ActiveCfg = Release|Any CPU
		{9E9C21A3-0066-4168-B916-5DA8FAE2F06B}.Release|Any CPU.Build.0 = Release|Any CPU
		{21AE1F6B-CA05-40C8-ADDA-AD9E1949AFF9}.Debug|Any CPU.ActiveCfg = Debug|Any CPU
		{21AE1F6B-CA05-40C8-ADDA-AD9E1949AFF9}.Debug|Any CPU.Build.0 = Debug|Any CPU
		{21AE1F6B-CA05-40C8-ADDA-AD9E1949AFF9}.Release|Any CPU.ActiveCfg = Release|Any CPU
		{21AE1F6B-CA05-40C8-ADDA-AD9E1949AFF9}.Release|Any CPU.Build.0 = Release|Any CPU
		{7FC289C8-21AA-42B8-AA27-3C0449C203EE}.Debug|Any CPU.ActiveCfg = Debug|Any CPU
		{7FC289C8-21AA-42B8-AA27-3C0449C203EE}.Debug|Any CPU.Build.0 = Debug|Any CPU
		{7FC289C8-21AA-42B8-AA27-3C0449C203EE}.Release|Any CPU.ActiveCfg = Release|Any CPU
		{7FC289C8-21AA-42B8-AA27-3C0449C203EE}.Release|Any CPU.Build.0 = Release|Any CPU
		{C780F497-A4E4-413E-AC35-766E5FC154F7}.Debug|Any CPU.ActiveCfg = Debug|Any CPU
		{C780F497-A4E4-413E-AC35-766E5FC154F7}.Debug|Any CPU.Build.0 = Debug|Any CPU
		{C780F497-A4E4-413E-AC35-766E5FC154F7}.Release|Any CPU.ActiveCfg = Release|Any CPU
		{C780F497-A4E4-413E-AC35-766E5FC154F7}.Release|Any CPU.Build.0 = Release|Any CPU
		{37511332-A2DF-4A13-BAF7-2EF372A4E919}.Debug|Any CPU.ActiveCfg = Debug|Any CPU
		{37511332-A2DF-4A13-BAF7-2EF372A4E919}.Debug|Any CPU.Build.0 = Debug|Any CPU
		{37511332-A2DF-4A13-BAF7-2EF372A4E919}.Release|Any CPU.ActiveCfg = Release|Any CPU
		{37511332-A2DF-4A13-BAF7-2EF372A4E919}.Release|Any CPU.Build.0 = Release|Any CPU
		{5A69C361-AE76-439E-8A9F-B5BDC0CBF9B3}.Debug|Any CPU.ActiveCfg = Debug|Any CPU
		{5A69C361-AE76-439E-8A9F-B5BDC0CBF9B3}.Debug|Any CPU.Build.0 = Debug|Any CPU
		{5A69C361-AE76-439E-8A9F-B5BDC0CBF9B3}.Release|Any CPU.ActiveCfg = Release|Any CPU
		{5A69C361-AE76-439E-8A9F-B5BDC0CBF9B3}.Release|Any CPU.Build.0 = Release|Any CPU
		{A35E45CD-4735-485E-82BD-84CF2797EFE1}.Debug|Any CPU.ActiveCfg = Debug|Any CPU
		{A35E45CD-4735-485E-82BD-84CF2797EFE1}.Debug|Any CPU.Build.0 = Debug|Any CPU
		{A35E45CD-4735-485E-82BD-84CF2797EFE1}.Release|Any CPU.ActiveCfg = Release|Any CPU
		{A35E45CD-4735-485E-82BD-84CF2797EFE1}.Release|Any CPU.Build.0 = Release|Any CPU
		{84BFF0D7-2D63-4EDC-9BF7-78661C837C6F}.Debug|Any CPU.ActiveCfg = Debug|Any CPU
		{84BFF0D7-2D63-4EDC-9BF7-78661C837C6F}.Debug|Any CPU.Build.0 = Debug|Any CPU
		{84BFF0D7-2D63-4EDC-9BF7-78661C837C6F}.Release|Any CPU.ActiveCfg = Release|Any CPU
		{84BFF0D7-2D63-4EDC-9BF7-78661C837C6F}.Release|Any CPU.Build.0 = Release|Any CPU
		{13DCD065-5465-4F3D-A6D1-1E3FBEBAB4EE}.Debug|Any CPU.ActiveCfg = Debug|Any CPU
		{13DCD065-5465-4F3D-A6D1-1E3FBEBAB4EE}.Debug|Any CPU.Build.0 = Debug|Any CPU
		{13DCD065-5465-4F3D-A6D1-1E3FBEBAB4EE}.Release|Any CPU.ActiveCfg = Release|Any CPU
		{13DCD065-5465-4F3D-A6D1-1E3FBEBAB4EE}.Release|Any CPU.Build.0 = Release|Any CPU
	EndGlobalSection
	GlobalSection(NestedProjects) = preSolution
		{E9F5026B-74A8-4186-A5D0-203ADDC2075A} = {7E097AD7-38CC-4354-9930-76F97AA23FC6}
		{5806E19C-9E7F-4341-998E-20D6E703FFF2} = {7E097AD7-38CC-4354-9930-76F97AA23FC6}
		{22B10D86-6805-4270-BC07-D4FE68B3E927} = {7E097AD7-38CC-4354-9930-76F97AA23FC6}
		{EC872D6B-E02F-4B82-8845-2E78344BF635} = {7E097AD7-38CC-4354-9930-76F97AA23FC6}
		{33471ECE-9BF1-40BE-9A44-9B3163C630ED} = {7E097AD7-38CC-4354-9930-76F97AA23FC6}
		{67149EE8-E981-48CD-AFB1-1CAEAFF0F19D} = {7E097AD7-38CC-4354-9930-76F97AA23FC6}
		{246219BD-D13D-4BB0-A6AD-1A9BDC459225} = {7E097AD7-38CC-4354-9930-76F97AA23FC6}
		{B36102B7-6EC3-40DC-9900-7DBAF6BE9AFA} = {C5B76257-C0EC-466C-98F0-9A1AB6B307A8}
		{8DD87BA0-6BAF-4070-A6B1-3F270AA46620} = {799FEAE9-1108-4C5D-A8EC-568F7AA98837}
		{AB010300-F7F0-43F5-A1BE-1CA6443B9C8C} = {799FEAE9-1108-4C5D-A8EC-568F7AA98837}
		{8B06F2E2-9357-495E-BB5D-9EB5FBDFEB72} = {799FEAE9-1108-4C5D-A8EC-568F7AA98837}
		{A1EB6D35-8A32-4AA4-A969-BE270A61B251} = {799FEAE9-1108-4C5D-A8EC-568F7AA98837}
		{3F3CF1C4-72F8-44B4-8BDB-CDAB116F2CBD} = {799FEAE9-1108-4C5D-A8EC-568F7AA98837}
		{2635F9B2-A964-46C7-8E5A-030A9F5DA869} = {CC8E4E24-98A8-458D-A088-7576CCC10A16}
		{5DE2B2E6-4CF3-4E9F-BF5E-66CDE1515F05} = {CC8E4E24-98A8-458D-A088-7576CCC10A16}
		{9E9C21A3-0066-4168-B916-5DA8FAE2F06B} = {CC8E4E24-98A8-458D-A088-7576CCC10A16}
		{21AE1F6B-CA05-40C8-ADDA-AD9E1949AFF9} = {CC8E4E24-98A8-458D-A088-7576CCC10A16}
		{7FC289C8-21AA-42B8-AA27-3C0449C203EE} = {CC8E4E24-98A8-458D-A088-7576CCC10A16}
		{C780F497-A4E4-413E-AC35-766E5FC154F7} = {CC8E4E24-98A8-458D-A088-7576CCC10A16}
		{37511332-A2DF-4A13-BAF7-2EF372A4E919} = {CC8E4E24-98A8-458D-A088-7576CCC10A16}
		{5A69C361-AE76-439E-8A9F-B5BDC0CBF9B3} = {CC8E4E24-98A8-458D-A088-7576CCC10A16}
		{A35E45CD-4735-485E-82BD-84CF2797EFE1} = {4199C829-856E-4451-B4DE-5F9897BB938B}
		{84BFF0D7-2D63-4EDC-9BF7-78661C837C6F} = {4199C829-856E-4451-B4DE-5F9897BB938B}
	EndGlobalSection
EndGlobal
